
Microsoft Visual Studio Solution File, Format Version 12.00
# Visual Studio Version 16
VisualStudioVersion = 16.0.31410.357
MinimumVisualStudioVersion = 10.0.40219.1
Project("{FAE04EC0-301F-11D3-BF4B-00C04F79EFBC}") = "myTest", "myTest\myTest.csproj", "{E2B43921-8E90-4F30-BD39-DC95953DE8BD}"
EndProject
Global
	GlobalSection(SolutionConfigurationPlatforms) = preSolution
		Debug|Any CPU = Debug|Any CPU
		Release|Any CPU = Release|Any CPU
	EndGlobalSection
	GlobalSection(ProjectConfigurationPlatforms) = postSolution
		{E2B43921-8E90-4F30-BD39-DC95953DE8BD}.Debug|Any CPU.ActiveCfg = Debug|Any CPU
		{E2B43921-8E90-4F30-BD39-DC95953DE8BD}.Debug|Any CPU.Build.0 = Debug|Any CPU
		{E2B43921-8E90-4F30-BD39-DC95953DE8BD}.Release|Any CPU.ActiveCfg = Release|Any CPU
		{E2B43921-8E90-4F30-BD39-DC95953DE8BD}.Release|Any CPU.Build.0 = Release|Any CPU
	EndGlobalSection
	GlobalSection(SolutionProperties) = preSolution
		HideSolutionNode = FALSE
	EndGlobalSection
	GlobalSection(ExtensibilityGlobals) = postSolution
		SolutionGuid = {ECD4645D-A50F-43DC-A16F-4E6A12E23CA2}
	EndGlobalSection
EndGlobal
